
Microsoft Visual Studio Solution File, Format Version 12.00
# Visual Studio 15
Project("{FAE04EC0-301F-11D3-BF4B-00C04F79EFBC}") = "Assembly-CSharp", "Assembly-CSharp.csproj", "{1E7A7834-939D-6D65-5958-B95056AA47BE}"
EndProject
Project("{FAE04EC0-301F-11D3-BF4B-00C04F79EFBC}") = "Assembly-CSharp-Editor", "Assembly-CSharp-Editor.csproj", "{500D2DED-1929-2E3B-F066-55F3DF431F39}"
EndProject
Global
	GlobalSection(SolutionConfigurationPlatforms) = preSolution
		Debug|Any CPU = Debug|Any CPU
		Release|Any CPU = Release|Any CPU
	EndGlobalSection
	GlobalSection(ProjectConfigurationPlatforms) = postSolution
		{1E7A7834-939D-6D65-5958-B95056AA47BE}.Debug|Any CPU.ActiveCfg = Debug|Any CPU
		{1E7A7834-939D-6D65-5958-B95056AA47BE}.Debug|Any CPU.Build.0 = Debug|Any CPU
		{1E7A7834-939D-6D65-5958-B95056AA47BE}.Release|Any CPU.ActiveCfg = Release|Any CPU
		{1E7A7834-939D-6D65-5958-B95056AA47BE}.Release|Any CPU.Build.0 = Release|Any CPU
		{500D2DED-1929-2E3B-F066-55F3DF431F39}.Debug|Any CPU.ActiveCfg = Debug|Any CPU
		{500D2DED-1929-2E3B-F066-55F3DF431F39}.Debug|Any CPU.Build.0 = Debug|Any CPU
		{500D2DED-1929-2E3B-F066-55F3DF431F39}.Release|Any CPU.ActiveCfg = Release|Any CPU
		{500D2DED-1929-2E3B-F066-55F3DF431F39}.Release|Any CPU.Build.0 = Release|Any CPU
	EndGlobalSection
	GlobalSection(SolutionProperties) = preSolution
		HideSolutionNode = FALSE
	EndGlobalSection
EndGlobal
